
Microsoft Visual Studio Solution File, Format Version 12.00
# Visual Studio Version 17
VisualStudioVersion = 17.7.34009.444
MinimumVisualStudioVersion = 10.0.40219.1
Project("{FAE04EC0-301F-11D3-BF4B-00C04F79EFBC}") = "Projektas", "Projektas\Projektas.csproj", "{7A9D5960-209E-4711-9527-CB30D5A4ACCD}"
EndProject
Global
	GlobalSection(SolutionConfigurationPlatforms) = preSolution
		Debug|Any CPU = Debug|Any CPU
		Release|Any CPU = Release|Any CPU
	EndGlobalSection
	GlobalSection(ProjectConfigurationPlatforms) = postSolution
		{7A9D5960-209E-4711-9527-CB30D5A4ACCD}.Debug|Any CPU.ActiveCfg = Debug|Any CPU
		{7A9D5960-209E-4711-9527-CB30D5A4ACCD}.Debug|Any CPU.Build.0 = Debug|Any CPU
		{7A9D5960-209E-4711-9527-CB30D5A4ACCD}.Release|Any CPU.ActiveCfg = Release|Any CPU
		{7A9D5960-209E-4711-9527-CB30D5A4ACCD}.Release|Any CPU.Build.0 = Release|Any CPU
	EndGlobalSection
	GlobalSection(SolutionProperties) = preSolution
		HideSolutionNode = FALSE
	EndGlobalSection
	GlobalSection(ExtensibilityGlobals) = postSolution
		SolutionGuid = {F8FEDD8C-2217-4AA3-983A-B63A8F97DECB}
	EndGlobalSection
EndGlobal
